// !$*UTF8*$!
{
	archiveVersion = 1;
	classes = {
	};
	objectVersion = 46;
	objects = {

/* Begin PBXBuildFile section */
		1A04BF4E1CC0357300849DE1 /* ResourcePath.mm in Sources */ = {isa = PBXBuildFile; fileRef = 1A04BF4D1CC0357300849DE1 /* ResourcePath.mm */; };
		1A04BF511CC0357300849DE1 /* demo.cpp in Sources */ = {isa = PBXBuildFile; fileRef = 1A04BF501CC0357300849DE1 /* demo.cpp */; };
		1A04BF541CC0357300849DE1 /* cute_image.jpg in Resources */ = {isa = PBXBuildFile; fileRef = 1A04BF531CC0357300849DE1 /* cute_image.jpg */; };
		1A04BF561CC0357300849DE1 /* nice_music.ogg in Resources */ = {isa = PBXBuildFile; fileRef = 1A04BF551CC0357300849DE1 /* nice_music.ogg */; };
		1A04BF581CC0357300849DE1 /* sansation.ttf in Resources */ = {isa = PBXBuildFile; fileRef = 1A04BF571CC0357300849DE1 /* sansation.ttf */; };
		1A04BF5A1CC0357300849DE1 /* icon.png in Resources */ = {isa = PBXBuildFile; fileRef = 1A04BF591CC0357300849DE1 /* icon.png */; };
		1A04BF611CC035EE00849DE1 /* Pang.cpp in Sources */ = {isa = PBXBuildFile; fileRef = 1A04BF601CC035EE00849DE1 /* Pang.cpp */; };
		1A04BF641CC0362200849DE1 /* Game.cpp in Sources */ = {isa = PBXBuildFile; fileRef = 1A04BF621CC0362200849DE1 /* Game.cpp */; };
		1A04BF671CC039C900849DE1 /* mainmenu.png in Resources */ = {isa = PBXBuildFile; fileRef = 1A04BF651CC039C900849DE1 /* mainmenu.png */; };
		1A04BF681CC039C900849DE1 /* splashscreen.png in Resources */ = {isa = PBXBuildFile; fileRef = 1A04BF661CC039C900849DE1 /* splashscreen.png */; };
/* End PBXBuildFile section */

/* Begin PBXFileReference section */
		1A04BF481CC0357300849DE1 /* Pang.app */ = {isa = PBXFileReference; explicitFileType = wrapper.application; includeInIndex = 0; path = Pang.app; sourceTree = BUILT_PRODUCTS_DIR; };
		1A04BF4C1CC0357300849DE1 /* Pang-Info.plist */ = {isa = PBXFileReference; lastKnownFileType = text.plist.xml; path = "Pang-Info.plist"; sourceTree = "<group>"; };
		1A04BF4D1CC0357300849DE1 /* ResourcePath.mm */ = {isa = PBXFileReference; lastKnownFileType = sourcecode.cpp.objcpp; path = ResourcePath.mm; sourceTree = "<group>"; };
		1A04BF4F1CC0357300849DE1 /* ResourcePath.hpp */ = {isa = PBXFileReference; lastKnownFileType = sourcecode.cpp.h; path = ResourcePath.hpp; sourceTree = "<group>"; };
		1A04BF501CC0357300849DE1 /* demo.cpp */ = {isa = PBXFileReference; lastKnownFileType = sourcecode.cpp.cpp; path = demo.cpp; sourceTree = "<group>"; };
		1A04BF531CC0357300849DE1 /* cute_image.jpg */ = {isa = PBXFileReference; lastKnownFileType = image.jpeg; path = cute_image.jpg; sourceTree = "<group>"; };
		1A04BF551CC0357300849DE1 /* nice_music.ogg */ = {isa = PBXFileReference; lastKnownFileType = file; path = nice_music.ogg; sourceTree = "<group>"; };
		1A04BF571CC0357300849DE1 /* sansation.ttf */ = {isa = PBXFileReference; lastKnownFileType = file; path = sansation.ttf; sourceTree = "<group>"; };
		1A04BF591CC0357300849DE1 /* icon.png */ = {isa = PBXFileReference; lastKnownFileType = image.png; path = icon.png; sourceTree = "<group>"; };
		1A04BF601CC035EE00849DE1 /* Pang.cpp */ = {isa = PBXFileReference; fileEncoding = 4; lastKnownFileType = sourcecode.cpp.cpp; path = Pang.cpp; sourceTree = SOURCE_ROOT; };
		1A04BF621CC0362200849DE1 /* Game.cpp */ = {isa = PBXFileReference; fileEncoding = 4; lastKnownFileType = sourcecode.cpp.cpp; path = Game.cpp; sourceTree = "<group>"; };
		1A04BF631CC0362200849DE1 /* Game.h */ = {isa = PBXFileReference; fileEncoding = 4; lastKnownFileType = sourcecode.c.h; path = Game.h; sourceTree = "<group>"; };
		1A04BF651CC039C900849DE1 /* mainmenu.png */ = {isa = PBXFileReference; lastKnownFileType = image.png; path = mainmenu.png; sourceTree = "<group>"; };
		1A04BF661CC039C900849DE1 /* splashscreen.png */ = {isa = PBXFileReference; lastKnownFileType = image.png; path = splashscreen.png; sourceTree = "<group>"; };
/* End PBXFileReference section */

/* Begin PBXFrameworksBuildPhase section */
		1A04BF441CC0357300849DE1 /* Frameworks */ = {
			isa = PBXFrameworksBuildPhase;
			buildActionMask = 2147483647;
			files = (
			);
			runOnlyForDeploymentPostprocessing = 0;
		};
/* End PBXFrameworksBuildPhase section */

/* Begin PBXGroup section */
		1A04BF3E1CC0357300849DE1 = {
			isa = PBXGroup;
			children = (
				1A04BF4A1CC0357300849DE1 /* Pang */,
				1A04BF491CC0357300849DE1 /* Products */,
			);
			sourceTree = "<group>";
		};
		1A04BF491CC0357300849DE1 /* Products */ = {
			isa = PBXGroup;
			children = (
				1A04BF481CC0357300849DE1 /* Pang.app */,
			);
			name = Products;
			sourceTree = "<group>";
		};
		1A04BF4A1CC0357300849DE1 /* Pang */ = {
			isa = PBXGroup;
			children = (
				1A04BF601CC035EE00849DE1 /* Pang.cpp */,
				1A04BF631CC0362200849DE1 /* Game.h */,
				1A04BF621CC0362200849DE1 /* Game.cpp */,
				1A04BF4D1CC0357300849DE1 /* ResourcePath.mm */,
				1A04BF4F1CC0357300849DE1 /* ResourcePath.hpp */,
				1A04BF501CC0357300849DE1 /* demo.cpp */,
				1A04BF521CC0357300849DE1 /* Resources */,
				1A04BF4B1CC0357300849DE1 /* Supporting Files */,
			);
			path = Pang;
			sourceTree = "<group>";
		};
		1A04BF4B1CC0357300849DE1 /* Supporting Files */ = {
			isa = PBXGroup;
			children = (
				1A04BF4C1CC0357300849DE1 /* Pang-Info.plist */,
			);
			name = "Supporting Files";
			sourceTree = "<group>";
		};
		1A04BF521CC0357300849DE1 /* Resources */ = {
			isa = PBXGroup;
			children = (
				1A04BF651CC039C900849DE1 /* mainmenu.png */,
				1A04BF661CC039C900849DE1 /* splashscreen.png */,
				1A04BF531CC0357300849DE1 /* cute_image.jpg */,
				1A04BF551CC0357300849DE1 /* nice_music.ogg */,
				1A04BF571CC0357300849DE1 /* sansation.ttf */,
				1A04BF591CC0357300849DE1 /* icon.png */,
			);
			name = Resources;
			sourceTree = "<group>";
		};
/* End PBXGroup section */

/* Begin PBXNativeTarget section */
		1A04BF471CC0357300849DE1 /* Pang */ = {
			isa = PBXNativeTarget;
			buildConfigurationList = 1A04BF5D1CC0357300849DE1 /* Build configuration list for PBXNativeTarget "Pang" */;
			buildPhases = (
				1A04BF431CC0357300849DE1 /* Sources */,
				1A04BF441CC0357300849DE1 /* Frameworks */,
				1A04BF451CC0357300849DE1 /* Resources */,
				1A04BF461CC0357300849DE1 /* ShellScript */,
			);
			buildRules = (
			);
			dependencies = (
			);
			name = Pang;
			productName = Pang;
			productReference = 1A04BF481CC0357300849DE1 /* Pang.app */;
			productType = "com.apple.product-type.application";
		};
/* End PBXNativeTarget section */

/* Begin PBXProject section */
		1A04BF3F1CC0357300849DE1 /* Project object */ = {
			isa = PBXProject;
			attributes = {
				LastUpgradeCheck = 0730;
				ORGANIZATIONNAME = "Don't Expect Anything Sensible";
				TargetAttributes = {
					1A04BF471CC0357300849DE1 = {
						CreatedOnToolsVersion = 7.3;
					};
				};
			};
			buildConfigurationList = 1A04BF421CC0357300849DE1 /* Build configuration list for PBXProject "Pang" */;
			compatibilityVersion = "Xcode 3.2";
			developmentRegion = English;
			hasScannedForEncodings = 0;
			knownRegions = (
				en,
			);
			mainGroup = 1A04BF3E1CC0357300849DE1;
			productRefGroup = 1A04BF491CC0357300849DE1 /* Products */;
			projectDirPath = "";
			projectRoot = "";
			targets = (
				1A04BF471CC0357300849DE1 /* Pang */,
			);
		};
/* End PBXProject section */

/* Begin PBXResourcesBuildPhase section */
		1A04BF451CC0357300849DE1 /* Resources */ = {
			isa = PBXResourcesBuildPhase;
			buildActionMask = 2147483647;
			files = (
				1A04BF681CC039C900849DE1 /* splashscreen.png in Resources */,
				1A04BF671CC039C900849DE1 /* mainmenu.png in Resources */,
				1A04BF5A1CC0357300849DE1 /* icon.png in Resources */,
				1A04BF581CC0357300849DE1 /* sansation.ttf in Resources */,
				1A04BF561CC0357300849DE1 /* nice_music.ogg in Resources */,
				1A04BF541CC0357300849DE1 /* cute_image.jpg in Resources */,
			);
			runOnlyForDeploymentPostprocessing = 0;
		};
/* End PBXResourcesBuildPhase section */

/* Begin PBXShellScriptBuildPhase section */
		1A04BF461CC0357300849DE1 /* ShellScript */ = {
			isa = PBXShellScriptBuildPhase;
			buildActionMask = 2147483647;
			files = (
			);
			inputPaths = (
			);
			outputPaths = (
			);
			runOnlyForDeploymentPostprocessing = 0;
			shellPath = /bin/sh;
			shellScript = "# This shell script simply copies required SFML dylibs/frameworks into the application bundle frameworks folder.\n# If you're using static libraries (which is not recommended) you should remove this script from your project.\n\n# Are we building a project that uses frameworks or dylibs?\ncase \"$SFML_BINARY_TYPE\" in\n    DYLIBS)\n        frameworks=\"false\"\n        ;;\n    *)\n        frameworks=\"true\"\n        ;;\nesac\n\n# Echoes to stderr\nerror () # $* message to display\n{\n    echo $* 1>&2\n    exit 2\n}\n\nassert () # $1 is a boolean, $2...N is an error message\n{\n    if [ $# -lt 2 ]\n    then\n        error \"Internal error in assert : not enough args\"\n    fi\n\n    if [ $1 -ne 0 ]\n    then\n        shift\n        error \"$*\"\n    fi\n}\n\nforce_remove () # $@ is some paths\n{\n    test $# -ge 1\n    assert $? \"force_remove() requires at least one parameter\"\n    rm -fr $@\n    assert $? \"couldn't remove $@\"\n}\n\ncopy () # $1 is a source, $2 is a destination\n{\n    test $# -eq 2\n    assert $? \"copy() requires two parameters\"\n    ditto \"$1\" \"$2\"\n    assert $? \"couldn't copy $1 to $2\"\n}\n\nrequire () # $1 is a SFML module like 'system' or 'audio'\n{\n    dest=\"$BUILT_PRODUCTS_DIR/$PRODUCT_NAME.app/Contents/Frameworks\"\n\n    if [ -z \"$1\" ]\n    then\n        error \"require() requires one parameter!\"\n    else\n        # clean potentially old stuff\n        force_remove \"$dest/libsfml-$1\"*\n        force_remove \"$dest/sfml-$1.framework\"\n\n        # copy SFML libraries\n        if [ \"$frameworks\" = \"true\" ]\n        then\n            source=\"/Library/Frameworks/sfml-$1.framework\"\n            target=\"sfml-$1.framework\"\n        elif [ \"$SFML_LINK_DYLIBS_SUFFIX\" = \"-d\" ]\n        then\n            source=\"/usr/local/lib/libsfml-$1-d.dylib\"\n            target=\"`readlink $source`\"\n        else\n            source=\"/usr/local/lib/libsfml-$1.dylib\"\n            target=\"`readlink $source`\"\n        fi\n\n        copy \"$source\" \"$dest/$target\"\n\n        # copy extra dependencies\n        if [ \"$1\" = \"audio\" ]\n        then\n            # copy sndfile framework too\n            copy \"/Library/Frameworks/sndfile.framework\" \"$dest/sndfile.framework\"\n        elif [ \"$1\" = \"graphics\" ]\n        then\n            # copy freetype framework too\n            copy \"/Library/Frameworks/freetype.framework\" \"$dest/freetype.framework\"\n        fi\n    fi\n}\n\nif [ -n \"$SFML_SYSTEM\" ]\nthen\n    require \"system\"\nfi\n\nif [ -n \"$SFML_AUDIO\" ]\nthen\n    require \"audio\"\nfi\n\nif [ -n \"$SFML_NETWORK\" ]\nthen\n    require \"network\"\nfi\n\nif [ -n \"$SFML_WINDOW\" ]\nthen\n    require \"window\"\nfi\n\nif [ -n \"$SFML_GRAPHICS\" ]\nthen\n    require \"graphics\"\nfi\n\n                ";
		};
/* End PBXShellScriptBuildPhase section */

/* Begin PBXSourcesBuildPhase section */
		1A04BF431CC0357300849DE1 /* Sources */ = {
			isa = PBXSourcesBuildPhase;
			buildActionMask = 2147483647;
			files = (
				1A04BF611CC035EE00849DE1 /* Pang.cpp in Sources */,
				1A04BF511CC0357300849DE1 /* demo.cpp in Sources */,
				1A04BF4E1CC0357300849DE1 /* ResourcePath.mm in Sources */,
				1A04BF641CC0362200849DE1 /* Game.cpp in Sources */,
			);
			runOnlyForDeploymentPostprocessing = 0;
		};
/* End PBXSourcesBuildPhase section */

/* Begin XCBuildConfiguration section */
		1A04BF5B1CC0357300849DE1 /* Debug */ = {
			isa = XCBuildConfiguration;
			buildSettings = {
				ARCHS = (
					i386,
					x86_64,
				);
				CLANG_CXX_LANGUAGE_STANDARD = "c++0x";
				CLANG_CXX_LIBRARY = "libc++";
				FRAMEWORK_SEARCH_PATHS = (
					/Library/Frameworks/,
					"$(inherited)",
				);
				GCC_VERSION = com.apple.compilers.llvm.clang.1_0;
				HEADER_SEARCH_PATHS = (
					/usr/local/include/,
					"$(inherited)",
				);
				LIBRARY_SEARCH_PATHS = (
					/usr/local/lib/,
					"$(inherited)",
				);
				MACOSX_DEPLOYMENT_TARGET = 10.7;
				OTHER_LDFLAGS = (
					"$(inherited)",
					"$(SFML_SYSTEM)",
					"$(SFML_WINDOW)",
					"$(SFML_GRAPHICS)",
					"$(SFML_AUDIO)",
					"$(SFML_NETWORK)",
				);
				SFML_AUDIO = "$(SFML_LINK_PREFIX) sfml-audio$(SFML_LINK_SUFFIX)";
				SFML_BINARY_TYPE = FRAMEWORKS;
				SFML_GRAPHICS = "$(SFML_LINK_PREFIX) sfml-graphics$(SFML_LINK_SUFFIX)";
				SFML_LINK_DYLIBS_PREFIX = "-l";
				SFML_LINK_DYLIBS_SUFFIX = "";
				SFML_LINK_FRAMEWORKS_PREFIX = "-framework";
				SFML_LINK_FRAMEWORKS_SUFFIX = "";
				SFML_LINK_PREFIX = "$(SFML_LINK_$(SFML_BINARY_TYPE)_PREFIX)";
				SFML_LINK_SUFFIX = "$(SFML_LINK_$(SFML_BINARY_TYPE)_SUFFIX)";
				SFML_NETWORK = "$(SFML_LINK_PREFIX) sfml-network$(SFML_LINK_SUFFIX)";
				SFML_SYSTEM = "$(SFML_LINK_PREFIX) sfml-system$(SFML_LINK_SUFFIX)";
				SFML_WINDOW = "$(SFML_LINK_PREFIX) sfml-window$(SFML_LINK_SUFFIX)";
				SUPPORTED_PLATFORMS = macosx;
			};
			name = Debug;
		};
		1A04BF5C1CC0357300849DE1 /* Release */ = {
			isa = XCBuildConfiguration;
			buildSettings = {
				ARCHS = (
					i386,
					x86_64,
				);
				CLANG_CXX_LANGUAGE_STANDARD = "c++0x";
				CLANG_CXX_LIBRARY = "libc++";
				FRAMEWORK_SEARCH_PATHS = (
					/Library/Frameworks/,
					"$(inherited)",
				);
				GCC_VERSION = com.apple.compilers.llvm.clang.1_0;
				HEADER_SEARCH_PATHS = (
					/usr/local/include/,
					"$(inherited)",
				);
				LIBRARY_SEARCH_PATHS = (
					/usr/local/lib/,
					"$(inherited)",
				);
				MACOSX_DEPLOYMENT_TARGET = 10.7;
				OTHER_LDFLAGS = (
					"$(inherited)",
					"$(SFML_SYSTEM)",
					"$(SFML_WINDOW)",
					"$(SFML_GRAPHICS)",
					"$(SFML_AUDIO)",
					"$(SFML_NETWORK)",
				);
				SFML_AUDIO = "$(SFML_LINK_PREFIX) sfml-audio$(SFML_LINK_SUFFIX)";
				SFML_BINARY_TYPE = FRAMEWORKS;
				SFML_GRAPHICS = "$(SFML_LINK_PREFIX) sfml-graphics$(SFML_LINK_SUFFIX)";
				SFML_LINK_DYLIBS_PREFIX = "-l";
				SFML_LINK_DYLIBS_SUFFIX = "";
				SFML_LINK_FRAMEWORKS_PREFIX = "-framework";
				SFML_LINK_FRAMEWORKS_SUFFIX = "";
				SFML_LINK_PREFIX = "$(SFML_LINK_$(SFML_BINARY_TYPE)_PREFIX)";
				SFML_LINK_SUFFIX = "$(SFML_LINK_$(SFML_BINARY_TYPE)_SUFFIX)";
				SFML_NETWORK = "$(SFML_LINK_PREFIX) sfml-network$(SFML_LINK_SUFFIX)";
				SFML_SYSTEM = "$(SFML_LINK_PREFIX) sfml-system$(SFML_LINK_SUFFIX)";
				SFML_WINDOW = "$(SFML_LINK_PREFIX) sfml-window$(SFML_LINK_SUFFIX)";
				SUPPORTED_PLATFORMS = macosx;
			};
			name = Release;
		};
		1A04BF5E1CC0357300849DE1 /* Debug */ = {
			isa = XCBuildConfiguration;
			buildSettings = {
				INFOPLIST_FILE = "Pang/Pang-Info.plist";
				LD_RUNPATH_SEARCH_PATHS = "@loader_path/../Frameworks";
				PRODUCT_NAME = "$(TARGET_NAME)";
			};
			name = Debug;
		};
		1A04BF5F1CC0357300849DE1 /* Release */ = {
			isa = XCBuildConfiguration;
			buildSettings = {
				INFOPLIST_FILE = "Pang/Pang-Info.plist";
				LD_RUNPATH_SEARCH_PATHS = "@loader_path/../Frameworks";
				PRODUCT_NAME = "$(TARGET_NAME)";
			};
			name = Release;
		};
/* End XCBuildConfiguration section */

/* Begin XCConfigurationList section */
		1A04BF421CC0357300849DE1 /* Build configuration list for PBXProject "Pang" */ = {
			isa = XCConfigurationList;
			buildConfigurations = (
				1A04BF5B1CC0357300849DE1 /* Debug */,
				1A04BF5C1CC0357300849DE1 /* Release */,
			);
			defaultConfigurationIsVisible = 0;
			defaultConfigurationName = Release;
		};
		1A04BF5D1CC0357300849DE1 /* Build configuration list for PBXNativeTarget "Pang" */ = {
			isa = XCConfigurationList;
			buildConfigurations = (
				1A04BF5E1CC0357300849DE1 /* Debug */,
				1A04BF5F1CC0357300849DE1 /* Release */,
			);
			defaultConfigurationIsVisible = 0;
			defaultConfigurationName = Release;
		};
/* End XCConfigurationList section */
	};
	rootObject = 1A04BF3F1CC0357300849DE1 /* Project object */;
}
